
Microsoft Visual Studio Solution File, Format Version 12.00
# Visual Studio Version 17
VisualStudioVersion = 17.3.32929.385
MinimumVisualStudioVersion = 10.0.40219.1
Project("{F184B08F-C81C-45F6-A57F-5ABD9991F28F}") = "Shoe Customization", "Shoe Customization\Shoe Customization.vbproj", "{DE5AED56-DF12-431C-BB73-A416CF62D3FB}"
EndProject
Global
	GlobalSection(SolutionConfigurationPlatforms) = preSolution
		Debug|Any CPU = Debug|Any CPU
		Release|Any CPU = Release|Any CPU
	EndGlobalSection
	GlobalSection(ProjectConfigurationPlatforms) = postSolution
		{DE5AED56-DF12-431C-BB73-A416CF62D3FB}.Debug|Any CPU.ActiveCfg = Debug|Any CPU
		{DE5AED56-DF12-431C-BB73-A416CF62D3FB}.Debug|Any CPU.Build.0 = Debug|Any CPU
		{DE5AED56-DF12-431C-BB73-A416CF62D3FB}.Release|Any CPU.ActiveCfg = Release|Any CPU
		{DE5AED56-DF12-431C-BB73-A416CF62D3FB}.Release|Any CPU.Build.0 = Release|Any CPU
	EndGlobalSection
	GlobalSection(SolutionProperties) = preSolution
		HideSolutionNode = FALSE
	EndGlobalSection
	GlobalSection(ExtensibilityGlobals) = postSolution
		SolutionGuid = {C1922794-8459-4DD7-923D-68AECB61421A}
	EndGlobalSection
EndGlobal
